
Microsoft Visual Studio Solution File, Format Version 11.00
# Visual Studio 2010
Project("{FAE04EC0-301F-11D3-BF4B-00C04F79EFBC}") = "Assembly-CSharp", "Assembly-CSharp.csproj", "{acd99e5d-d9ef-cae3-85ac-daa9328f084f}"
EndProject
Project("{FAE04EC0-301F-11D3-BF4B-00C04F79EFBC}") = "Assembly-CSharp-Editor", "Assembly-CSharp-Editor.csproj", "{10d195b4-3b98-a8c0-ef4e-a30da4b48f4c}"
EndProject
Global
	GlobalSection(SolutionConfigurationPlatforms) = preSolution
		Debug|Any CPU = Debug|Any CPU
	EndGlobalSection
	GlobalSection(ProjectConfigurationPlatforms) = postSolution
		{acd99e5d-d9ef-cae3-85ac-daa9328f084f}.Debug|Any CPU.ActiveCfg = Debug|Any CPU
		{acd99e5d-d9ef-cae3-85ac-daa9328f084f}.Debug|Any CPU.Build.0 = Debug|Any CPU
		{10d195b4-3b98-a8c0-ef4e-a30da4b48f4c}.Debug|Any CPU.ActiveCfg = Debug|Any CPU
		{10d195b4-3b98-a8c0-ef4e-a30da4b48f4c}.Debug|Any CPU.Build.0 = Debug|Any CPU
	EndGlobalSection
	GlobalSection(SolutionProperties) = preSolution
		HideSolutionNode = FALSE
	EndGlobalSection
EndGlobal
